
Microsoft Visual Studio Solution File, Format Version 12.00
# Visual Studio Version 17
VisualStudioVersion = 17.0.31903.59
MinimumVisualStudioVersion = 10.0.40219.1
Project("{2150E333-8FDC-42A3-9474-1A3956D46DE8}") = "Cookies", "Cookies", "{5F94E9B0-C6B5-39D2-1765-FF084B6B5410}"
EndProject
Project("{FAE04EC0-301F-11D3-BF4B-00C04F79EFBC}") = "Sharpcms.Providers.Cookies", "Cookies\Sharpcms.Providers.Cookies.csproj", "{3B6C8DB3-DB27-4215-840E-AB9B6E435E79}"
EndProject
Project("{2150E333-8FDC-42A3-9474-1A3956D46DE8}") = "System", "System", "{73BA62BB-2B41-2DC4-C714-51B3D4C2A215}"
EndProject
Project("{2150E333-8FDC-42A3-9474-1A3956D46DE8}") = "Library", "Library", "{8A8F175C-4090-09CE-11FB-B7FDBED166C9}"
EndProject
Project("{FAE04EC0-301F-11D3-BF4B-00C04F79EFBC}") = "Sharpcms.Library", "System\Library\Sharpcms.Library.csproj", "{BCC46815-D2E9-4D3C-9158-1EB5593E370D}"
EndProject
Project("{2150E333-8FDC-42A3-9474-1A3956D46DE8}") = "DataModels", "DataModels", "{73F0B32D-2E03-DEE8-DF5A-402327AF1224}"
EndProject
Project("{2150E333-8FDC-42A3-9474-1A3956D46DE8}") = "FileTree", "FileTree", "{A6B75AF0-ED41-DA9D-3D5B-2FC9CAFE8F8C}"
EndProject
Project("{FAE04EC0-301F-11D3-BF4B-00C04F79EFBC}") = "Sharpcms.Data.FileTree", "DataModels\FileTree\Sharpcms.Data.FileTree.csproj", "{7548A350-FBFC-4B18-B64D-86849A6DCF1D}"
EndProject
Project("{2150E333-8FDC-42A3-9474-1A3956D46DE8}") = "SiteTree", "SiteTree", "{A331D294-9BDD-A072-4330-7823565B87AF}"
EndProject
Project("{FAE04EC0-301F-11D3-BF4B-00C04F79EFBC}") = "Sharpcms.Data.SiteTree", "DataModels\SiteTree\Sharpcms.Data.SiteTree.csproj", "{35159274-245B-450B-81C1-4E2446EE048B}"
EndProject
Project("{FAE04EC0-301F-11D3-BF4B-00C04F79EFBC}") = "Users", "DataModels\Users\Users.csproj", "{F96EC637-68F5-4F46-B951-05B2616C9F24}"
EndProject
Project("{2150E333-8FDC-42A3-9474-1A3956D46DE8}") = "Plugins", "Plugins", "{07D57EEB-2F50-60C4-C011-FE4FA775C9A8}"
EndProject
Project("{2150E333-8FDC-42A3-9474-1A3956D46DE8}") = "ProviderBase", "ProviderBase", "{452009A9-2BAC-2890-062A-168A73408C20}"
EndProject
Project("{FAE04EC0-301F-11D3-BF4B-00C04F79EFBC}") = "Sharpcms.Providers.Base", "Plugins\ProviderBase\Sharpcms.Providers.Base.csproj", "{ABA01D06-9F5D-4485-A8CA-0878614F19F5}"
EndProject
Project("{2150E333-8FDC-42A3-9474-1A3956D46DE8}") = "ProviderErrorLog", "ProviderErrorLog", "{BC04ADC9-62F4-8B8B-7D5B-A1D85CB77215}"
EndProject
Project("{FAE04EC0-301F-11D3-BF4B-00C04F79EFBC}") = "Sharpcms.Providers.ErrorLog", "Plugins\ProviderErrorLog\Sharpcms.Providers.ErrorLog.csproj", "{EA5CEE7F-5E60-46FD-9DB1-05EA348180AD}"
EndProject
Project("{2150E333-8FDC-42A3-9474-1A3956D46DE8}") = "ProviderSearch", "ProviderSearch", "{858BD545-52DA-3911-949A-9715CEBE26EA}"
EndProject
Project("{FAE04EC0-301F-11D3-BF4B-00C04F79EFBC}") = "Sharpcms.Providers.Search", "Plugins\ProviderSearch\Sharpcms.Providers.Search.csproj", "{650CFDA7-6D35-4524-9565-E31A49F87DE4}"
EndProject
Project("{FAE04EC0-301F-11D3-BF4B-00C04F79EFBC}") = "Cache", "System\Cache\Cache.csproj", "{14925117-303C-4BD5-98C2-D13D110DC52A}"
EndProject
Project("{2150E333-8FDC-42A3-9474-1A3956D46DE8}") = "Core", "Core", "{3C672FE4-B826-0BE9-96AC-E66F69C31F45}"
EndProject
Project("{FAE04EC0-301F-11D3-BF4B-00C04F79EFBC}") = "Sharpcms.Core", "System\Core\Sharpcms.Core.csproj", "{5B5BD67E-A87B-4080-AD99-B59FF6753FB6}"
EndProject
Project("{2150E333-8FDC-42A3-9474-1A3956D46DE8}") = "PluginInterfaces", "PluginInterfaces", "{4ECE1336-FB7C-6052-13B5-31FF1EA7C353}"
EndProject
Project("{FAE04EC0-301F-11D3-BF4B-00C04F79EFBC}") = "Sharpcms.PluginInterface", "System\PluginInterfaces\Sharpcms.PluginInterface.csproj", "{3BE06F75-F020-48AC-A861-B28E6153CA42}"
EndProject
Global
	GlobalSection(SolutionConfigurationPlatforms) = preSolution
		Debug|Any CPU = Debug|Any CPU
		Debug|x64 = Debug|x64
		Debug|x86 = Debug|x86
		Release|Any CPU = Release|Any CPU
		Release|x64 = Release|x64
		Release|x86 = Release|x86
	EndGlobalSection
	GlobalSection(ProjectConfigurationPlatforms) = postSolution
		{3B6C8DB3-DB27-4215-840E-AB9B6E435E79}.Debug|Any CPU.ActiveCfg = Debug|Any CPU
		{3B6C8DB3-DB27-4215-840E-AB9B6E435E79}.Debug|Any CPU.Build.0 = Debug|Any CPU
		{3B6C8DB3-DB27-4215-840E-AB9B6E435E79}.Debug|x64.ActiveCfg = Debug|Any CPU
		{3B6C8DB3-DB27-4215-840E-AB9B6E435E79}.Debug|x64.Build.0 = Debug|Any CPU
		{3B6C8DB3-DB27-4215-840E-AB9B6E435E79}.Debug|x86.ActiveCfg = Debug|Any CPU
		{3B6C8DB3-DB27-4215-840E-AB9B6E435E79}.Debug|x86.Build.0 = Debug|Any CPU
		{3B6C8DB3-DB27-4215-840E-AB9B6E435E79}.Release|Any CPU.ActiveCfg = Release|Any CPU
		{3B6C8DB3-DB27-4215-840E-AB9B6E435E79}.Release|Any CPU.Build.0 = Release|Any CPU
		{3B6C8DB3-DB27-4215-840E-AB9B6E435E79}.Release|x64.ActiveCfg = Release|Any CPU
		{3B6C8DB3-DB27-4215-840E-AB9B6E435E79}.Release|x64.Build.0 = Release|Any CPU
		{3B6C8DB3-DB27-4215-840E-AB9B6E435E79}.Release|x86.ActiveCfg = Release|Any CPU
		{3B6C8DB3-DB27-4215-840E-AB9B6E435E79}.Release|x86.Build.0 = Release|Any CPU
		{BCC46815-D2E9-4D3C-9158-1EB5593E370D}.Debug|Any CPU.ActiveCfg = Debug|Any CPU
		{BCC46815-D2E9-4D3C-9158-1EB5593E370D}.Debug|Any CPU.Build.0 = Debug|Any CPU
		{BCC46815-D2E9-4D3C-9158-1EB5593E370D}.Debug|x64.ActiveCfg = Debug|Any CPU
		{BCC46815-D2E9-4D3C-9158-1EB5593E370D}.Debug|x64.Build.0 = Debug|Any CPU
		{BCC46815-D2E9-4D3C-9158-1EB5593E370D}.Debug|x86.ActiveCfg = Debug|Any CPU
		{BCC46815-D2E9-4D3C-9158-1EB5593E370D}.Debug|x86.Build.0 = Debug|Any CPU
		{BCC46815-D2E9-4D3C-9158-1EB5593E370D}.Release|Any CPU.ActiveCfg = Release|Any CPU
		{BCC46815-D2E9-4D3C-9158-1EB5593E370D}.Release|Any CPU.Build.0 = Release|Any CPU
		{BCC46815-D2E9-4D3C-9158-1EB5593E370D}.Release|x64.ActiveCfg = Release|Any CPU
		{BCC46815-D2E9-4D3C-9158-1EB5593E370D}.Release|x64.Build.0 = Release|Any CPU
		{BCC46815-D2E9-4D3C-9158-1EB5593E370D}.Release|x86.ActiveCfg = Release|Any CPU
		{BCC46815-D2E9-4D3C-9158-1EB5593E370D}.Release|x86.Build.0 = Release|Any CPU
		{7548A350-FBFC-4B18-B64D-86849A6DCF1D}.Debug|Any CPU.ActiveCfg = Debug|Any CPU
		{7548A350-FBFC-4B18-B64D-86849A6DCF1D}.Debug|Any CPU.Build.0 = Debug|Any CPU
		{7548A350-FBFC-4B18-B64D-86849A6DCF1D}.Debug|x64.ActiveCfg = Debug|Any CPU
		{7548A350-FBFC-4B18-B64D-86849A6DCF1D}.Debug|x64.Build.0 = Debug|Any CPU
		{7548A350-FBFC-4B18-B64D-86849A6DCF1D}.Debug|x86.ActiveCfg = Debug|Any CPU
		{7548A350-FBFC-4B18-B64D-86849A6DCF1D}.Debug|x86.Build.0 = Debug|Any CPU
		{7548A350-FBFC-4B18-B64D-86849A6DCF1D}.Release|Any CPU.ActiveCfg = Release|Any CPU
		{7548A350-FBFC-4B18-B64D-86849A6DCF1D}.Release|Any CPU.Build.0 = Release|Any CPU
		{7548A350-FBFC-4B18-B64D-86849A6DCF1D}.Release|x64.ActiveCfg = Release|Any CPU
		{7548A350-FBFC-4B18-B64D-86849A6DCF1D}.Release|x64.Build.0 = Release|Any CPU
		{7548A350-FBFC-4B18-B64D-86849A6DCF1D}.Release|x86.ActiveCfg = Release|Any CPU
		{7548A350-FBFC-4B18-B64D-86849A6DCF1D}.Release|x86.Build.0 = Release|Any CPU
		{35159274-245B-450B-81C1-4E2446EE048B}.Debug|Any CPU.ActiveCfg = Debug|Any CPU
		{35159274-245B-450B-81C1-4E2446EE048B}.Debug|Any CPU.Build.0 = Debug|Any CPU
		{35159274-245B-450B-81C1-4E2446EE048B}.Debug|x64.ActiveCfg = Debug|Any CPU
		{35159274-245B-450B-81C1-4E2446EE048B}.Debug|x64.Build.0 = Debug|Any CPU
		{35159274-245B-450B-81C1-4E2446EE048B}.Debug|x86.ActiveCfg = Debug|Any CPU
		{35159274-245B-450B-81C1-4E2446EE048B}.Debug|x86.Build.0 = Debug|Any CPU
		{35159274-245B-450B-81C1-4E2446EE048B}.Release|Any CPU.ActiveCfg = Release|Any CPU
		{35159274-245B-450B-81C1-4E2446EE048B}.Release|Any CPU.Build.0 = Release|Any CPU
		{35159274-245B-450B-81C1-4E2446EE048B}.Release|x64.ActiveCfg = Release|Any CPU
		{35159274-245B-450B-81C1-4E2446EE048B}.Release|x64.Build.0 = Release|Any CPU
		{35159274-245B-450B-81C1-4E2446EE048B}.Release|x86.ActiveCfg = Release|Any CPU
		{35159274-245B-450B-81C1-4E2446EE048B}.Release|x86.Build.0 = Release|Any CPU
		{F96EC637-68F5-4F46-B951-05B2616C9F24}.Debug|Any CPU.ActiveCfg = Debug|Any CPU
		{F96EC637-68F5-4F46-B951-05B2616C9F24}.Debug|Any CPU.Build.0 = Debug|Any CPU
		{F96EC637-68F5-4F46-B951-05B2616C9F24}.Debug|x64.ActiveCfg = Debug|Any CPU
		{F96EC637-68F5-4F46-B951-05B2616C9F24}.Debug|x64.Build.0 = Debug|Any CPU
		{F96EC637-68F5-4F46-B951-05B2616C9F24}.Debug|x86.ActiveCfg = Debug|Any CPU
		{F96EC637-68F5-4F46-B951-05B2616C9F24}.Debug|x86.Build.0 = Debug|Any CPU
		{F96EC637-68F5-4F46-B951-05B2616C9F24}.Release|Any CPU.ActiveCfg = Release|Any CPU
		{F96EC637-68F5-4F46-B951-05B2616C9F24}.Release|Any CPU.Build.0 = Release|Any CPU
		{F96EC637-68F5-4F46-B951-05B2616C9F24}.Release|x64.ActiveCfg = Release|Any CPU
		{F96EC637-68F5-4F46-B951-05B2616C9F24}.Release|x64.Build.0 = Release|Any CPU
		{F96EC637-68F5-4F46-B951-05B2616C9F24}.Release|x86.ActiveCfg = Release|Any CPU
		{F96EC637-68F5-4F46-B951-05B2616C9F24}.Release|x86.Build.0 = Release|Any CPU
		{ABA01D06-9F5D-4485-A8CA-0878614F19F5}.Debug|Any CPU.ActiveCfg = Debug|Any CPU
		{ABA01D06-9F5D-4485-A8CA-0878614F19F5}.Debug|Any CPU.Build.0 = Debug|Any CPU
		{ABA01D06-9F5D-4485-A8CA-0878614F19F5}.Debug|x64.ActiveCfg = Debug|Any CPU
		{ABA01D06-9F5D-4485-A8CA-0878614F19F5}.Debug|x64.Build.0 = Debug|Any CPU
		{ABA01D06-9F5D-4485-A8CA-0878614F19F5}.Debug|x86.ActiveCfg = Debug|Any CPU
		{ABA01D06-9F5D-4485-A8CA-0878614F19F5}.Debug|x86.Build.0 = Debug|Any CPU
		{ABA01D06-9F5D-4485-A8CA-0878614F19F5}.Release|Any CPU.ActiveCfg = Release|Any CPU
		{ABA01D06-9F5D-4485-A8CA-0878614F19F5}.Release|Any CPU.Build.0 = Release|Any CPU
		{ABA01D06-9F5D-4485-A8CA-0878614F19F5}.Release|x64.ActiveCfg = Release|Any CPU
		{ABA01D06-9F5D-4485-A8CA-0878614F19F5}.Release|x64.Build.0 = Release|Any CPU
		{ABA01D06-9F5D-4485-A8CA-0878614F19F5}.Release|x86.ActiveCfg = Release|Any CPU
		{ABA01D06-9F5D-4485-A8CA-0878614F19F5}.Release|x86.Build.0 = Release|Any CPU
		{EA5CEE7F-5E60-46FD-9DB1-05EA348180AD}.Debug|Any CPU.ActiveCfg = Debug|Any CPU
		{EA5CEE7F-5E60-46FD-9DB1-05EA348180AD}.Debug|Any CPU.Build.0 = Debug|Any CPU
		{EA5CEE7F-5E60-46FD-9DB1-05EA348180AD}.Debug|x64.ActiveCfg = Debug|Any CPU
		{EA5CEE7F-5E60-46FD-9DB1-05EA348180AD}.Debug|x64.Build.0 = Debug|Any CPU
		{EA5CEE7F-5E60-46FD-9DB1-05EA348180AD}.Debug|x86.ActiveCfg = Debug|Any CPU
		{EA5CEE7F-5E60-46FD-9DB1-05EA348180AD}.Debug|x86.Build.0 = Debug|Any CPU
		{EA5CEE7F-5E60-46FD-9DB1-05EA348180AD}.Release|Any CPU.ActiveCfg = Release|Any CPU
		{EA5CEE7F-5E60-46FD-9DB1-05EA348180AD}.Release|Any CPU.Build.0 = Release|Any CPU
		{EA5CEE7F-5E60-46FD-9DB1-05EA348180AD}.Release|x64.ActiveCfg = Release|Any CPU
		{EA5CEE7F-5E60-46FD-9DB1-05EA348180AD}.Release|x64.Build.0 = Release|Any CPU
		{EA5CEE7F-5E60-46FD-9DB1-05EA348180AD}.Release|x86.ActiveCfg = Release|Any CPU
		{EA5CEE7F-5E60-46FD-9DB1-05EA348180AD}.Release|x86.Build.0 = Release|Any CPU
		{650CFDA7-6D35-4524-9565-E31A49F87DE4}.Debug|Any CPU.ActiveCfg = Debug|Any CPU
		{650CFDA7-6D35-4524-9565-E31A49F87DE4}.Debug|Any CPU.Build.0 = Debug|Any CPU
		{650CFDA7-6D35-4524-9565-E31A49F87DE4}.Debug|x64.ActiveCfg = Debug|Any CPU
		{650CFDA7-6D35-4524-9565-E31A49F87DE4}.Debug|x64.Build.0 = Debug|Any CPU
		{650CFDA7-6D35-4524-9565-E31A49F87DE4}.Debug|x86.ActiveCfg = Debug|Any CPU
		{650CFDA7-6D35-4524-9565-E31A49F87DE4}.Debug|x86.Build.0 = Debug|Any CPU
		{650CFDA7-6D35-4524-9565-E31A49F87DE4}.Release|Any CPU.ActiveCfg = Release|Any CPU
		{650CFDA7-6D35-4524-9565-E31A49F87DE4}.Release|Any CPU.Build.0 = Release|Any CPU
		{650CFDA7-6D35-4524-9565-E31A49F87DE4}.Release|x64.ActiveCfg = Release|Any CPU
		{650CFDA7-6D35-4524-9565-E31A49F87DE4}.Release|x64.Build.0 = Release|Any CPU
		{650CFDA7-6D35-4524-9565-E31A49F87DE4}.Release|x86.ActiveCfg = Release|Any CPU
		{650CFDA7-6D35-4524-9565-E31A49F87DE4}.Release|x86.Build.0 = Release|Any CPU
		{14925117-303C-4BD5-98C2-D13D110DC52A}.Debug|Any CPU.ActiveCfg = Debug|Any CPU
		{14925117-303C-4BD5-98C2-D13D110DC52A}.Debug|Any CPU.Build.0 = Debug|Any CPU
		{14925117-303C-4BD5-98C2-D13D110DC52A}.Debug|x64.ActiveCfg = Debug|Any CPU
		{14925117-303C-4BD5-98C2-D13D110DC52A}.Debug|x64.Build.0 = Debug|Any CPU
		{14925117-303C-4BD5-98C2-D13D110DC52A}.Debug|x86.ActiveCfg = Debug|Any CPU
		{14925117-303C-4BD5-98C2-D13D110DC52A}.Debug|x86.Build.0 = Debug|Any CPU
		{14925117-303C-4BD5-98C2-D13D110DC52A}.Release|Any CPU.ActiveCfg = Release|Any CPU
		{14925117-303C-4BD5-98C2-D13D110DC52A}.Release|Any CPU.Build.0 = Release|Any CPU
		{14925117-303C-4BD5-98C2-D13D110DC52A}.Release|x64.ActiveCfg = Release|Any CPU
		{14925117-303C-4BD5-98C2-D13D110DC52A}.Release|x64.Build.0 = Release|Any CPU
		{14925117-303C-4BD5-98C2-D13D110DC52A}.Release|x86.ActiveCfg = Release|Any CPU
		{14925117-303C-4BD5-98C2-D13D110DC52A}.Release|x86.Build.0 = Release|Any CPU
		{5B5BD67E-A87B-4080-AD99-B59FF6753FB6}.Debug|Any CPU.ActiveCfg = Debug|Any CPU
		{5B5BD67E-A87B-4080-AD99-B59FF6753FB6}.Debug|Any CPU.Build.0 = Debug|Any CPU
		{5B5BD67E-A87B-4080-AD99-B59FF6753FB6}.Debug|x64.ActiveCfg = Debug|Any CPU
		{5B5BD67E-A87B-4080-AD99-B59FF6753FB6}.Debug|x64.Build.0 = Debug|Any CPU
		{5B5BD67E-A87B-4080-AD99-B59FF6753FB6}.Debug|x86.ActiveCfg = Debug|Any CPU
		{5B5BD67E-A87B-4080-AD99-B59FF6753FB6}.Debug|x86.Build.0 = Debug|Any CPU
		{5B5BD67E-A87B-4080-AD99-B59FF6753FB6}.Release|Any CPU.ActiveCfg = Release|Any CPU
		{5B5BD67E-A87B-4080-AD99-B59FF6753FB6}.Release|Any CPU.Build.0 = Release|Any CPU
		{5B5BD67E-A87B-4080-AD99-B59FF6753FB6}.Release|x64.ActiveCfg = Release|Any CPU
		{5B5BD67E-A87B-4080-AD99-B59FF6753FB6}.Release|x64.Build.0 = Release|Any CPU
		{5B5BD67E-A87B-4080-AD99-B59FF6753FB6}.Release|x86.ActiveCfg = Release|Any CPU
		{5B5BD67E-A87B-4080-AD99-B59FF6753FB6}.Release|x86.Build.0 = Release|Any CPU
		{3BE06F75-F020-48AC-A861-B28E6153CA42}.Debug|Any CPU.ActiveCfg = Debug|Any CPU
		{3BE06F75-F020-48AC-A861-B28E6153CA42}.Debug|Any CPU.Build.0 = Debug|Any CPU
		{3BE06F75-F020-48AC-A861-B28E6153CA42}.Debug|x64.ActiveCfg = Debug|Any CPU
		{3BE06F75-F020-48AC-A861-B28E6153CA42}.Debug|x64.Build.0 = Debug|Any CPU
		{3BE06F75-F020-48AC-A861-B28E6153CA42}.Debug|x86.ActiveCfg = Debug|Any CPU
		{3BE06F75-F020-48AC-A861-B28E6153CA42}.Debug|x86.Build.0 = Debug|Any CPU
		{3BE06F75-F020-48AC-A861-B28E6153CA42}.Release|Any CPU.ActiveCfg = Release|Any CPU
		{3BE06F75-F020-48AC-A861-B28E6153CA42}.Release|Any CPU.Build.0 = Release|Any CPU
		{3BE06F75-F020-48AC-A861-B28E6153CA42}.Release|x64.ActiveCfg = Release|Any CPU
		{3BE06F75-F020-48AC-A861-B28E6153CA42}.Release|x64.Build.0 = Release|Any CPU
		{3BE06F75-F020-48AC-A861-B28E6153CA42}.Release|x86.ActiveCfg = Release|Any CPU
		{3BE06F75-F020-48AC-A861-B28E6153CA42}.Release|x86.Build.0 = Release|Any CPU
	EndGlobalSection
	GlobalSection(SolutionProperties) = preSolution
		HideSolutionNode = FALSE
	EndGlobalSection
	GlobalSection(NestedProjects) = preSolution
		{3B6C8DB3-DB27-4215-840E-AB9B6E435E79} = {5F94E9B0-C6B5-39D2-1765-FF084B6B5410}
		{8A8F175C-4090-09CE-11FB-B7FDBED166C9} = {73BA62BB-2B41-2DC4-C714-51B3D4C2A215}
		{BCC46815-D2E9-4D3C-9158-1EB5593E370D} = {8A8F175C-4090-09CE-11FB-B7FDBED166C9}
		{A6B75AF0-ED41-DA9D-3D5B-2FC9CAFE8F8C} = {73F0B32D-2E03-DEE8-DF5A-402327AF1224}
		{7548A350-FBFC-4B18-B64D-86849A6DCF1D} = {A6B75AF0-ED41-DA9D-3D5B-2FC9CAFE8F8C}
		{A331D294-9BDD-A072-4330-7823565B87AF} = {73F0B32D-2E03-DEE8-DF5A-402327AF1224}
		{35159274-245B-450B-81C1-4E2446EE048B} = {A331D294-9BDD-A072-4330-7823565B87AF}
		{F96EC637-68F5-4F46-B951-05B2616C9F24} = {73F0B32D-2E03-DEE8-DF5A-402327AF1224}
		{452009A9-2BAC-2890-062A-168A73408C20} = {07D57EEB-2F50-60C4-C011-FE4FA775C9A8}
		{ABA01D06-9F5D-4485-A8CA-0878614F19F5} = {452009A9-2BAC-2890-062A-168A73408C20}
		{BC04ADC9-62F4-8B8B-7D5B-A1D85CB77215} = {07D57EEB-2F50-60C4-C011-FE4FA775C9A8}
		{EA5CEE7F-5E60-46FD-9DB1-05EA348180AD} = {BC04ADC9-62F4-8B8B-7D5B-A1D85CB77215}
		{858BD545-52DA-3911-949A-9715CEBE26EA} = {07D57EEB-2F50-60C4-C011-FE4FA775C9A8}
		{650CFDA7-6D35-4524-9565-E31A49F87DE4} = {858BD545-52DA-3911-949A-9715CEBE26EA}
		{14925117-303C-4BD5-98C2-D13D110DC52A} = {73BA62BB-2B41-2DC4-C714-51B3D4C2A215}
		{3C672FE4-B826-0BE9-96AC-E66F69C31F45} = {73BA62BB-2B41-2DC4-C714-51B3D4C2A215}
		{5B5BD67E-A87B-4080-AD99-B59FF6753FB6} = {3C672FE4-B826-0BE9-96AC-E66F69C31F45}
		{4ECE1336-FB7C-6052-13B5-31FF1EA7C353} = {73BA62BB-2B41-2DC4-C714-51B3D4C2A215}
		{3BE06F75-F020-48AC-A861-B28E6153CA42} = {4ECE1336-FB7C-6052-13B5-31FF1EA7C353}
	EndGlobalSection
EndGlobal
